// !$*UTF8*$!
{
	archiveVersion = 1;
	classes = {
	};
	objectVersion = 46;
	objects = {

/* Begin PBXBuildFile section */
		7E18FF601804316A003639F8 /* OrderingModel.m in Sources */ = {isa = PBXBuildFile; fileRef = 7E18FF5F1804316A003639F8 /* OrderingModel.m */; };
		7E18FF631804318F003639F8 /* OrderingList.m in Sources */ = {isa = PBXBuildFile; fileRef = 7E18FF621804318F003639F8 /* OrderingList.m */; };
		7E2CA10A180D2DED0071900E /* RootView.m in Sources */ = {isa = PBXBuildFile; fileRef = 7E2CA109180D2DED0071900E /* RootView.m */; };
		978F2CC317FAE32D00AC03BB /* RootViewController.m in Sources */ = {isa = PBXBuildFile; fileRef = 978F2CBF17FAE32D00AC03BB /* RootViewController.m */; };
		978F2CC417FAE32D00AC03BB /* RestaurantViewController.m in Sources */ = {isa = PBXBuildFile; fileRef = 978F2CC117FAE32D00AC03BB /* RestaurantViewController.m */; };
		97A57A3817FA3D980087DD89 /* UIKit.framework in Frameworks */ = {isa = PBXBuildFile; fileRef = 97A57A3717FA3D980087DD89 /* UIKit.framework */; };
		97A57A3A17FA3D980087DD89 /* Foundation.framework in Frameworks */ = {isa = PBXBuildFile; fileRef = 97A57A3917FA3D980087DD89 /* Foundation.framework */; };
		97A57A3C17FA3D980087DD89 /* CoreGraphics.framework in Frameworks */ = {isa = PBXBuildFile; fileRef = 97A57A3B17FA3D980087DD89 /* CoreGraphics.framework */; };
		97A57A4217FA3D980087DD89 /* InfoPlist.strings in Resources */ = {isa = PBXBuildFile; fileRef = 97A57A4017FA3D980087DD89 /* InfoPlist.strings */; };
		97A57A4417FA3D980087DD89 /* main.m in Sources */ = {isa = PBXBuildFile; fileRef = 97A57A4317FA3D980087DD89 /* main.m */; };
		97A57A4817FA3D980087DD89 /* AppDelegate.m in Sources */ = {isa = PBXBuildFile; fileRef = 97A57A4717FA3D980087DD89 /* AppDelegate.m */; };
		97A57A4A17FA3D980087DD89 /* Default.png in Resources */ = {isa = PBXBuildFile; fileRef = 97A57A4917FA3D980087DD89 /* Default.png */; };
		97A57A4C17FA3D980087DD89 /* Default@2x.png in Resources */ = {isa = PBXBuildFile; fileRef = 97A57A4B17FA3D980087DD89 /* Default@2x.png */; };
		97A57A4E17FA3D980087DD89 /* Default-568h@2x.png in Resources */ = {isa = PBXBuildFile; fileRef = 97A57A4D17FA3D980087DD89 /* Default-568h@2x.png */; };
		97A57A5617FA3D980087DD89 /* SenTestingKit.framework in Frameworks */ = {isa = PBXBuildFile; fileRef = 97A57A5517FA3D980087DD89 /* SenTestingKit.framework */; };
		97A57A5717FA3D980087DD89 /* UIKit.framework in Frameworks */ = {isa = PBXBuildFile; fileRef = 97A57A3717FA3D980087DD89 /* UIKit.framework */; };
		97A57A5817FA3D980087DD89 /* Foundation.framework in Frameworks */ = {isa = PBXBuildFile; fileRef = 97A57A3917FA3D980087DD89 /* Foundation.framework */; };
		97A57A6017FA3D980087DD89 /* InfoPlist.strings in Resources */ = {isa = PBXBuildFile; fileRef = 97A57A5E17FA3D980087DD89 /* InfoPlist.strings */; };
		97A57A6317FA3D980087DD89 /* OrderingMasterTests.m in Sources */ = {isa = PBXBuildFile; fileRef = 97A57A6217FA3D980087DD89 /* OrderingMasterTests.m */; };
		97A57A7517FA3E3A0087DD89 /* OrderingViewController.m in Sources */ = {isa = PBXBuildFile; fileRef = 97A57A7417FA3E3A0087DD89 /* OrderingViewController.m */; };
		97A57A7817FA3E5E0087DD89 /* PersonnelViewController.m in Sources */ = {isa = PBXBuildFile; fileRef = 97A57A7717FA3E5E0087DD89 /* PersonnelViewController.m */; };
		97A57A7E17FA3E860087DD89 /* MealViewController.m in Sources */ = {isa = PBXBuildFile; fileRef = 97A57A7D17FA3E860087DD89 /* MealViewController.m */; };
		97A57A8417FA4F4E0087DD89 /* OrderFormViewController.m in Sources */ = {isa = PBXBuildFile; fileRef = 97A57A8317FA4F4E0087DD89 /* OrderFormViewController.m */; };
		9ADC800D180E5EF500B782DF /* TableView.m in Sources */ = {isa = PBXBuildFile; fileRef = 9ADC800C180E5EF500B782DF /* TableView.m */; };
		9ADC8010180E6A3400B782DF /* OrderingView.m in Sources */ = {isa = PBXBuildFile; fileRef = 9ADC800F180E6A3400B782DF /* OrderingView.m */; };
		9ADC8013180E6AA800B782DF /* OrderFormView.m in Sources */ = {isa = PBXBuildFile; fileRef = 9ADC8012180E6AA800B782DF /* OrderFormView.m */; };
/* End PBXBuildFile section */

/* Begin PBXContainerItemProxy section */
		97A57A5917FA3D980087DD89 /* PBXContainerItemProxy */ = {
			isa = PBXContainerItemProxy;
			containerPortal = 97A57A2C17FA3D980087DD89 /* Project object */;
			proxyType = 1;
			remoteGlobalIDString = 97A57A3317FA3D980087DD89;
			remoteInfo = OrderingMaster;
		};
/* End PBXContainerItemProxy section */

/* Begin PBXFileReference section */
		7E18FF5E1804316A003639F8 /* OrderingModel.h */ = {isa = PBXFileReference; fileEncoding = 4; lastKnownFileType = sourcecode.c.h; path = OrderingModel.h; sourceTree = "<group>"; };
		7E18FF5F1804316A003639F8 /* OrderingModel.m */ = {isa = PBXFileReference; fileEncoding = 4; lastKnownFileType = sourcecode.c.objc; path = OrderingModel.m; sourceTree = "<group>"; };
		7E18FF611804318F003639F8 /* OrderingList.h */ = {isa = PBXFileReference; fileEncoding = 4; lastKnownFileType = sourcecode.c.h; path = OrderingList.h; sourceTree = "<group>"; };
		7E18FF621804318F003639F8 /* OrderingList.m */ = {isa = PBXFileReference; fileEncoding = 4; lastKnownFileType = sourcecode.c.objc; path = OrderingList.m; sourceTree = "<group>"; };
		7E2CA108180D2DED0071900E /* RootView.h */ = {isa = PBXFileReference; fileEncoding = 4; lastKnownFileType = sourcecode.c.h; path = RootView.h; sourceTree = "<group>"; };
		7E2CA109180D2DED0071900E /* RootView.m */ = {isa = PBXFileReference; fileEncoding = 4; lastKnownFileType = sourcecode.c.objc; path = RootView.m; sourceTree = "<group>"; };
		978F2CBF17FAE32D00AC03BB /* RootViewController.m */ = {isa = PBXFileReference; fileEncoding = 4; lastKnownFileType = sourcecode.c.objc; path = RootViewController.m; sourceTree = "<group>"; };
		978F2CC017FAE32D00AC03BB /* RootViewController.h */ = {isa = PBXFileReference; fileEncoding = 4; lastKnownFileType = sourcecode.c.h; path = RootViewController.h; sourceTree = "<group>"; };
		978F2CC117FAE32D00AC03BB /* RestaurantViewController.m */ = {isa = PBXFileReference; fileEncoding = 4; lastKnownFileType = sourcecode.c.objc; path = RestaurantViewController.m; sourceTree = "<group>"; };
		978F2CC217FAE32D00AC03BB /* RestaurantViewController.h */ = {isa = PBXFileReference; fileEncoding = 4; lastKnownFileType = sourcecode.c.h; path = RestaurantViewController.h; sourceTree = "<group>"; };
		97A57A3417FA3D980087DD89 /* OrderingMaster.app */ = {isa = PBXFileReference; explicitFileType = wrapper.application; includeInIndex = 0; path = OrderingMaster.app; sourceTree = BUILT_PRODUCTS_DIR; };
		97A57A3717FA3D980087DD89 /* UIKit.framework */ = {isa = PBXFileReference; lastKnownFileType = wrapper.framework; name = UIKit.framework; path = System/Library/Frameworks/UIKit.framework; sourceTree = SDKROOT; };
		97A57A3917FA3D980087DD89 /* Foundation.framework */ = {isa = PBXFileReference; lastKnownFileType = wrapper.framework; name = Foundation.framework; path = System/Library/Frameworks/Foundation.framework; sourceTree = SDKROOT; };
		97A57A3B17FA3D980087DD89 /* CoreGraphics.framework */ = {isa = PBXFileReference; lastKnownFileType = wrapper.framework; name = CoreGraphics.framework; path = System/Library/Frameworks/CoreGraphics.framework; sourceTree = SDKROOT; };
		97A57A3F17FA3D980087DD89 /* OrderingMaster-Info.plist */ = {isa = PBXFileReference; lastKnownFileType = text.plist.xml; path = "OrderingMaster-Info.plist"; sourceTree = "<group>"; };
		97A57A4117FA3D980087DD89 /* en */ = {isa = PBXFileReference; lastKnownFileType = text.plist.strings; name = en; path = en.lproj/InfoPlist.strings; sourceTree = "<group>"; };
		97A57A4317FA3D980087DD89 /* main.m */ = {isa = PBXFileReference; lastKnownFileType = sourcecode.c.objc; path = main.m; sourceTree = "<group>"; };
		97A57A4517FA3D980087DD89 /* OrderingMaster-Prefix.pch */ = {isa = PBXFileReference; lastKnownFileType = sourcecode.c.h; path = "OrderingMaster-Prefix.pch"; sourceTree = "<group>"; };
		97A57A4617FA3D980087DD89 /* AppDelegate.h */ = {isa = PBXFileReference; lastKnownFileType = sourcecode.c.h; path = AppDelegate.h; sourceTree = "<group>"; };
		97A57A4717FA3D980087DD89 /* AppDelegate.m */ = {isa = PBXFileReference; lastKnownFileType = sourcecode.c.objc; path = AppDelegate.m; sourceTree = "<group>"; };
		97A57A4917FA3D980087DD89 /* Default.png */ = {isa = PBXFileReference; lastKnownFileType = image.png; path = Default.png; sourceTree = "<group>"; };
		97A57A4B17FA3D980087DD89 /* Default@2x.png */ = {isa = PBXFileReference; lastKnownFileType = image.png; path = "Default@2x.png"; sourceTree = "<group>"; };
		97A57A4D17FA3D980087DD89 /* Default-568h@2x.png */ = {isa = PBXFileReference; lastKnownFileType = image.png; path = "Default-568h@2x.png"; sourceTree = "<group>"; };
		97A57A5417FA3D980087DD89 /* OrderingMasterTests.octest */ = {isa = PBXFileReference; explicitFileType = wrapper.cfbundle; includeInIndex = 0; path = OrderingMasterTests.octest; sourceTree = BUILT_PRODUCTS_DIR; };
		97A57A5517FA3D980087DD89 /* SenTestingKit.framework */ = {isa = PBXFileReference; lastKnownFileType = wrapper.framework; name = SenTestingKit.framework; path = Library/Frameworks/SenTestingKit.framework; sourceTree = DEVELOPER_DIR; };
		97A57A5D17FA3D980087DD89 /* OrderingMasterTests-Info.plist */ = {isa = PBXFileReference; lastKnownFileType = text.plist.xml; path = "OrderingMasterTests-Info.plist"; sourceTree = "<group>"; };
		97A57A5F17FA3D980087DD89 /* en */ = {isa = PBXFileReference; lastKnownFileType = text.plist.strings; name = en; path = en.lproj/InfoPlist.strings; sourceTree = "<group>"; };
		97A57A6117FA3D980087DD89 /* OrderingMasterTests.h */ = {isa = PBXFileReference; lastKnownFileType = sourcecode.c.h; path = OrderingMasterTests.h; sourceTree = "<group>"; };
		97A57A6217FA3D980087DD89 /* OrderingMasterTests.m */ = {isa = PBXFileReference; lastKnownFileType = sourcecode.c.objc; path = OrderingMasterTests.m; sourceTree = "<group>"; };
		97A57A7317FA3E3A0087DD89 /* OrderingViewController.h */ = {isa = PBXFileReference; fileEncoding = 4; lastKnownFileType = sourcecode.c.h; path = OrderingViewController.h; sourceTree = "<group>"; };
		97A57A7417FA3E3A0087DD89 /* OrderingViewController.m */ = {isa = PBXFileReference; fileEncoding = 4; lastKnownFileType = sourcecode.c.objc; path = OrderingViewController.m; sourceTree = "<group>"; };
		97A57A7617FA3E5E0087DD89 /* PersonnelViewController.h */ = {isa = PBXFileReference; fileEncoding = 4; lastKnownFileType = sourcecode.c.h; path = PersonnelViewController.h; sourceTree = "<group>"; };
		97A57A7717FA3E5E0087DD89 /* PersonnelViewController.m */ = {isa = PBXFileReference; fileEncoding = 4; lastKnownFileType = sourcecode.c.objc; path = PersonnelViewController.m; sourceTree = "<group>"; };
		97A57A7C17FA3E860087DD89 /* MealViewController.h */ = {isa = PBXFileReference; fileEncoding = 4; lastKnownFileType = sourcecode.c.h; path = MealViewController.h; sourceTree = "<group>"; };
		97A57A7D17FA3E860087DD89 /* MealViewController.m */ = {isa = PBXFileReference; fileEncoding = 4; lastKnownFileType = sourcecode.c.objc; path = MealViewController.m; sourceTree = "<group>"; };
		97A57A8217FA4F4C0087DD89 /* OrderFormViewController.h */ = {isa = PBXFileReference; fileEncoding = 4; lastKnownFileType = sourcecode.c.h; path = OrderFormViewController.h; sourceTree = "<group>"; };
		97A57A8317FA4F4E0087DD89 /* OrderFormViewController.m */ = {isa = PBXFileReference; fileEncoding = 4; lastKnownFileType = sourcecode.c.objc; path = OrderFormViewController.m; sourceTree = "<group>"; };
		9ADC800B180E5EF500B782DF /* TableView.h */ = {isa = PBXFileReference; fileEncoding = 4; lastKnownFileType = sourcecode.c.h; path = TableView.h; sourceTree = "<group>"; };
		9ADC800C180E5EF500B782DF /* TableView.m */ = {isa = PBXFileReference; fileEncoding = 4; lastKnownFileType = sourcecode.c.objc; path = TableView.m; sourceTree = "<group>"; };
		9ADC800E180E6A3400B782DF /* OrderingView.h */ = {isa = PBXFileReference; fileEncoding = 4; lastKnownFileType = sourcecode.c.h; path = OrderingView.h; sourceTree = "<group>"; };
		9ADC800F180E6A3400B782DF /* OrderingView.m */ = {isa = PBXFileReference; fileEncoding = 4; lastKnownFileType = sourcecode.c.objc; path = OrderingView.m; sourceTree = "<group>"; };
		9ADC8011180E6AA800B782DF /* OrderFormView.h */ = {isa = PBXFileReference; fileEncoding = 4; lastKnownFileType = sourcecode.c.h; path = OrderFormView.h; sourceTree = "<group>"; };
		9ADC8012180E6AA800B782DF /* OrderFormView.m */ = {isa = PBXFileReference; fileEncoding = 4; lastKnownFileType = sourcecode.c.objc; path = OrderFormView.m; sourceTree = "<group>"; };
/* End PBXFileReference section */

/* Begin PBXFrameworksBuildPhase section */
		97A57A3117FA3D980087DD89 /* Frameworks */ = {
			isa = PBXFrameworksBuildPhase;
			buildActionMask = 2147483647;
			files = (
				97A57A3817FA3D980087DD89 /* UIKit.framework in Frameworks */,
				97A57A3A17FA3D980087DD89 /* Foundation.framework in Frameworks */,
				97A57A3C17FA3D980087DD89 /* CoreGraphics.framework in Frameworks */,
			);
			runOnlyForDeploymentPostprocessing = 0;
		};
		97A57A5017FA3D980087DD89 /* Frameworks */ = {
			isa = PBXFrameworksBuildPhase;
			buildActionMask = 2147483647;
			files = (
				97A57A5617FA3D980087DD89 /* SenTestingKit.framework in Frameworks */,
				97A57A5717FA3D980087DD89 /* UIKit.framework in Frameworks */,
				97A57A5817FA3D980087DD89 /* Foundation.framework in Frameworks */,
			);
			runOnlyForDeploymentPostprocessing = 0;
		};
/* End PBXFrameworksBuildPhase section */

/* Begin PBXGroup section */
		7E2CA10B180D2E2D0071900E /* Views */ = {
			isa = PBXGroup;
			children = (
				9A599C72180FABF500636D89 /* RootView */,
				9A599C73180FAC0B00636D89 /* OrderingView */,
				9A599C74180FAC2500636D89 /* OrderForm */,
				9A599C75180FAC4400636D89 /* TableView */,
			);
			name = Views;
			sourceTree = "<group>";
		};
		97A57A2B17FA3D970087DD89 = {
			isa = PBXGroup;
			children = (
				97A57A3D17FA3D980087DD89 /* OrderingMaster */,
				97A57A5B17FA3D980087DD89 /* OrderingMasterTests */,
				97A57A3617FA3D980087DD89 /* Frameworks */,
				97A57A3517FA3D980087DD89 /* Products */,
			);
			sourceTree = "<group>";
		};
		97A57A3517FA3D980087DD89 /* Products */ = {
			isa = PBXGroup;
			children = (
				97A57A3417FA3D980087DD89 /* OrderingMaster.app */,
				97A57A5417FA3D980087DD89 /* OrderingMasterTests.octest */,
			);
			name = Products;
			sourceTree = "<group>";
		};
		97A57A3617FA3D980087DD89 /* Frameworks */ = {
			isa = PBXGroup;
			children = (
				97A57A3717FA3D980087DD89 /* UIKit.framework */,
				97A57A3917FA3D980087DD89 /* Foundation.framework */,
				97A57A3B17FA3D980087DD89 /* CoreGraphics.framework */,
				97A57A5517FA3D980087DD89 /* SenTestingKit.framework */,
			);
			name = Frameworks;
			sourceTree = "<group>";
		};
		97A57A3D17FA3D980087DD89 /* OrderingMaster */ = {
			isa = PBXGroup;
			children = (
				97A57A4617FA3D980087DD89 /* AppDelegate.h */,
				97A57A4717FA3D980087DD89 /* AppDelegate.m */,
				7E2CA10B180D2E2D0071900E /* Views */,
				9AB4225E180E95AA008BFE31 /* ViewControllers */,
				9AB4225F180E95E5008BFE31 /* Models */,
				97A57A3E17FA3D980087DD89 /* Supporting Files */,
			);
			path = OrderingMaster;
			sourceTree = "<group>";
		};
		97A57A3E17FA3D980087DD89 /* Supporting Files */ = {
			isa = PBXGroup;
			children = (
				97A57A3F17FA3D980087DD89 /* OrderingMaster-Info.plist */,
				97A57A4017FA3D980087DD89 /* InfoPlist.strings */,
				97A57A4317FA3D980087DD89 /* main.m */,
				97A57A4517FA3D980087DD89 /* OrderingMaster-Prefix.pch */,
				97A57A4917FA3D980087DD89 /* Default.png */,
				97A57A4B17FA3D980087DD89 /* Default@2x.png */,
				97A57A4D17FA3D980087DD89 /* Default-568h@2x.png */,
			);
			name = "Supporting Files";
			sourceTree = "<group>";
		};
		97A57A5B17FA3D980087DD89 /* OrderingMasterTests */ = {
			isa = PBXGroup;
			children = (
				97A57A6117FA3D980087DD89 /* OrderingMasterTests.h */,
				97A57A6217FA3D980087DD89 /* OrderingMasterTests.m */,
				97A57A5C17FA3D980087DD89 /* Supporting Files */,
			);
			path = OrderingMasterTests;
			sourceTree = "<group>";
		};
		97A57A5C17FA3D980087DD89 /* Supporting Files */ = {
			isa = PBXGroup;
			children = (
				97A57A5D17FA3D980087DD89 /* OrderingMasterTests-Info.plist */,
				97A57A5E17FA3D980087DD89 /* InfoPlist.strings */,
			);
			name = "Supporting Files";
			sourceTree = "<group>";
		};
		9A599C6B180FA82E00636D89 /* RootViewController */ = {
			isa = PBXGroup;
			children = (
				978F2CC017FAE32D00AC03BB /* RootViewController.h */,
				978F2CBF17FAE32D00AC03BB /* RootViewController.m */,
			);
			name = RootViewController;
			sourceTree = "<group>";
		};
		9A599C6C180FAAFE00636D89 /* OrderingViewController */ = {
			isa = PBXGroup;
			children = (
				97A57A7317FA3E3A0087DD89 /* OrderingViewController.h */,
				97A57A7417FA3E3A0087DD89 /* OrderingViewController.m */,
			);
			name = OrderingViewController;
			sourceTree = "<group>";
		};
		9A599C6E180FAB3900636D89 /* OrderFormViewController */ = {
			isa = PBXGroup;
			children = (
				97A57A8217FA4F4C0087DD89 /* OrderFormViewController.h */,
				97A57A8317FA4F4E0087DD89 /* OrderFormViewController.m */,
			);
			name = OrderFormViewController;
			sourceTree = "<group>";
		};
		9A599C6F180FAB5C00636D89 /* PersonnelViewController */ = {
			isa = PBXGroup;
			children = (
				97A57A7617FA3E5E0087DD89 /* PersonnelViewController.h */,
				97A57A7717FA3E5E0087DD89 /* PersonnelViewController.m */,
			);
			name = PersonnelViewController;
			sourceTree = "<group>";
		};
		9A599C70180FAB7F00636D89 /* RestaurantViewConroller */ = {
			isa = PBXGroup;
			children = (
				978F2CC217FAE32D00AC03BB /* RestaurantViewController.h */,
				978F2CC117FAE32D00AC03BB /* RestaurantViewController.m */,
			);
			name = RestaurantViewConroller;
			sourceTree = "<group>";
		};
		9A599C71180FABC400636D89 /* MealViewController */ = {
			isa = PBXGroup;
			children = (
				97A57A7C17FA3E860087DD89 /* MealViewController.h */,
				97A57A7D17FA3E860087DD89 /* MealViewController.m */,
			);
			name = MealViewController;
			sourceTree = "<group>";
		};
		9A599C72180FABF500636D89 /* RootView */ = {
			isa = PBXGroup;
			children = (
				7E2CA108180D2DED0071900E /* RootView.h */,
				7E2CA109180D2DED0071900E /* RootView.m */,
			);
			name = RootView;
			sourceTree = "<group>";
		};
		9A599C73180FAC0B00636D89 /* OrderingView */ = {
			isa = PBXGroup;
			children = (
				9ADC800E180E6A3400B782DF /* OrderingView.h */,
				9ADC800F180E6A3400B782DF /* OrderingView.m */,
			);
			name = OrderingView;
			sourceTree = "<group>";
		};
		9A599C74180FAC2500636D89 /* OrderForm */ = {
			isa = PBXGroup;
			children = (
				9ADC8011180E6AA800B782DF /* OrderFormView.h */,
				9ADC8012180E6AA800B782DF /* OrderFormView.m */,
			);
			name = OrderForm;
			sourceTree = "<group>";
		};
		9A599C75180FAC4400636D89 /* TableView */ = {
			isa = PBXGroup;
			children = (
				9ADC800B180E5EF500B782DF /* TableView.h */,
				9ADC800C180E5EF500B782DF /* TableView.m */,
			);
			name = TableView;
			sourceTree = "<group>";
		};
		9A599C76180FAC6C00636D89 /* OrderingModel */ = {
			isa = PBXGroup;
			children = (
				7E18FF5E1804316A003639F8 /* OrderingModel.h */,
				7E18FF5F1804316A003639F8 /* OrderingModel.m */,
			);
			name = OrderingModel;
			sourceTree = "<group>";
		};
		9AB4225E180E95AA008BFE31 /* ViewControllers */ = {
			isa = PBXGroup;
			children = (
				9A599C6B180FA82E00636D89 /* RootViewController */,
				9A599C6C180FAAFE00636D89 /* OrderingViewController */,
				9A599C6E180FAB3900636D89 /* OrderFormViewController */,
				9A599C6F180FAB5C00636D89 /* PersonnelViewController */,
				9A599C70180FAB7F00636D89 /* RestaurantViewConroller */,
				9A599C71180FABC400636D89 /* MealViewController */,
			);
			name = ViewControllers;
			sourceTree = "<group>";
		};
		9AB4225F180E95E5008BFE31 /* Models */ = {
			isa = PBXGroup;
			children = (
				9A599C76180FAC6C00636D89 /* OrderingModel */,
				7E18FF611804318F003639F8 /* OrderingList.h */,
				7E18FF621804318F003639F8 /* OrderingList.m */,
			);
			name = Models;
			sourceTree = "<group>";
		};
/* End PBXGroup section */

/* Begin PBXNativeTarget section */
		97A57A3317FA3D980087DD89 /* OrderingMaster */ = {
			isa = PBXNativeTarget;
			buildConfigurationList = 97A57A6617FA3D980087DD89 /* Build configuration list for PBXNativeTarget "OrderingMaster" */;
			buildPhases = (
				97A57A3017FA3D980087DD89 /* Sources */,
				97A57A3117FA3D980087DD89 /* Frameworks */,
				97A57A3217FA3D980087DD89 /* Resources */,
			);
			buildRules = (
			);
			dependencies = (
			);
			name = OrderingMaster;
			productName = OrderingMaster;
			productReference = 97A57A3417FA3D980087DD89 /* OrderingMaster.app */;
			productType = "com.apple.product-type.application";
		};
		97A57A5317FA3D980087DD89 /* OrderingMasterTests */ = {
			isa = PBXNativeTarget;
			buildConfigurationList = 97A57A6917FA3D980087DD89 /* Build configuration list for PBXNativeTarget "OrderingMasterTests" */;
			buildPhases = (
				97A57A4F17FA3D980087DD89 /* Sources */,
				97A57A5017FA3D980087DD89 /* Frameworks */,
				97A57A5117FA3D980087DD89 /* Resources */,
				97A57A5217FA3D980087DD89 /* ShellScript */,
			);
			buildRules = (
			);
			dependencies = (
				97A57A5A17FA3D980087DD89 /* PBXTargetDependency */,
			);
			name = OrderingMasterTests;
			productName = OrderingMasterTests;
			productReference = 97A57A5417FA3D980087DD89 /* OrderingMasterTests.octest */;
			productType = "com.apple.product-type.bundle";
		};
/* End PBXNativeTarget section */

/* Begin PBXProject section */
		97A57A2C17FA3D980087DD89 /* Project object */ = {
			isa = PBXProject;
			attributes = {
				LastUpgradeCheck = 0460;
				ORGANIZATIONNAME = luajin;
			};
			buildConfigurationList = 97A57A2F17FA3D980087DD89 /* Build configuration list for PBXProject "OrderingMaster" */;
			compatibilityVersion = "Xcode 3.2";
			developmentRegion = English;
			hasScannedForEncodings = 0;
			knownRegions = (
				en,
			);
			mainGroup = 97A57A2B17FA3D970087DD89;
			productRefGroup = 97A57A3517FA3D980087DD89 /* Products */;
			projectDirPath = "";
			projectRoot = "";
			targets = (
				97A57A3317FA3D980087DD89 /* OrderingMaster */,
				97A57A5317FA3D980087DD89 /* OrderingMasterTests */,
			);
		};
/* End PBXProject section */

/* Begin PBXResourcesBuildPhase section */
		97A57A3217FA3D980087DD89 /* Resources */ = {
			isa = PBXResourcesBuildPhase;
			buildActionMask = 2147483647;
			files = (
				97A57A4217FA3D980087DD89 /* InfoPlist.strings in Resources */,
				97A57A4A17FA3D980087DD89 /* Default.png in Resources */,
				97A57A4C17FA3D980087DD89 /* Default@2x.png in Resources */,
				97A57A4E17FA3D980087DD89 /* Default-568h@2x.png in Resources */,
			);
			runOnlyForDeploymentPostprocessing = 0;
		};
		97A57A5117FA3D980087DD89 /* Resources */ = {
			isa = PBXResourcesBuildPhase;
			buildActionMask = 2147483647;
			files = (
				97A57A6017FA3D980087DD89 /* InfoPlist.strings in Resources */,
			);
			runOnlyForDeploymentPostprocessing = 0;
		};
/* End PBXResourcesBuildPhase section */

/* Begin PBXShellScriptBuildPhase section */
		97A57A5217FA3D980087DD89 /* ShellScript */ = {
			isa = PBXShellScriptBuildPhase;
			buildActionMask = 2147483647;
			files = (
			);
			inputPaths = (
			);
			outputPaths = (
			);
			runOnlyForDeploymentPostprocessing = 0;
			shellPath = /bin/sh;
			shellScript = "# Run the unit tests in this test bundle.\n\"${SYSTEM_DEVELOPER_DIR}/Tools/RunUnitTests\"\n";
		};
/* End PBXShellScriptBuildPhase section */

/* Begin PBXSourcesBuildPhase section */
		97A57A3017FA3D980087DD89 /* Sources */ = {
			isa = PBXSourcesBuildPhase;
			buildActionMask = 2147483647;
			files = (
				97A57A4417FA3D980087DD89 /* main.m in Sources */,
				97A57A4817FA3D980087DD89 /* AppDelegate.m in Sources */,
				97A57A7517FA3E3A0087DD89 /* OrderingViewController.m in Sources */,
				97A57A7817FA3E5E0087DD89 /* PersonnelViewController.m in Sources */,
				97A57A7E17FA3E860087DD89 /* MealViewController.m in Sources */,
				97A57A8417FA4F4E0087DD89 /* OrderFormViewController.m in Sources */,
				978F2CC317FAE32D00AC03BB /* RootViewController.m in Sources */,
				978F2CC417FAE32D00AC03BB /* RestaurantViewController.m in Sources */,
				7E18FF601804316A003639F8 /* OrderingModel.m in Sources */,
				7E18FF631804318F003639F8 /* OrderingList.m in Sources */,
				7E2CA10A180D2DED0071900E /* RootView.m in Sources */,
				9ADC800D180E5EF500B782DF /* TableView.m in Sources */,
				9ADC8010180E6A3400B782DF /* OrderingView.m in Sources */,
				9ADC8013180E6AA800B782DF /* OrderFormView.m in Sources */,
			);
			runOnlyForDeploymentPostprocessing = 0;
		};
		97A57A4F17FA3D980087DD89 /* Sources */ = {
			isa = PBXSourcesBuildPhase;
			buildActionMask = 2147483647;
			files = (
				97A57A6317FA3D980087DD89 /* OrderingMasterTests.m in Sources */,
			);
			runOnlyForDeploymentPostprocessing = 0;
		};
/* End PBXSourcesBuildPhase section */

/* Begin PBXTargetDependency section */
		97A57A5A17FA3D980087DD89 /* PBXTargetDependency */ = {
			isa = PBXTargetDependency;
			target = 97A57A3317FA3D980087DD89 /* OrderingMaster */;
			targetProxy = 97A57A5917FA3D980087DD89 /* PBXContainerItemProxy */;
		};
/* End PBXTargetDependency section */

/* Begin PBXVariantGroup section */
		97A57A4017FA3D980087DD89 /* InfoPlist.strings */ = {
			isa = PBXVariantGroup;
			children = (
				97A57A4117FA3D980087DD89 /* en */,
			);
			name = InfoPlist.strings;
			sourceTree = "<group>";
		};
		97A57A5E17FA3D980087DD89 /* InfoPlist.strings */ = {
			isa = PBXVariantGroup;
			children = (
				97A57A5F17FA3D980087DD89 /* en */,
			);
			name = InfoPlist.strings;
			sourceTree = "<group>";
		};
/* End PBXVariantGroup section */

/* Begin XCBuildConfiguration section */
		97A57A6417FA3D980087DD89 /* Debug */ = {
			isa = XCBuildConfiguration;
			buildSettings = {
				ALWAYS_SEARCH_USER_PATHS = NO;
				CLANG_CXX_LANGUAGE_STANDARD = "gnu++0x";
				CLANG_CXX_LIBRARY = "libc++";
				CLANG_ENABLE_OBJC_ARC = YES;
				CLANG_WARN_CONSTANT_CONVERSION = YES;
				CLANG_WARN_EMPTY_BODY = YES;
				CLANG_WARN_ENUM_CONVERSION = YES;
				CLANG_WARN_INT_CONVERSION = YES;
				CLANG_WARN__DUPLICATE_METHOD_MATCH = YES;
				"CODE_SIGN_IDENTITY[sdk=iphoneos*]" = "iPhone Developer";
				COPY_PHASE_STRIP = NO;
				GCC_C_LANGUAGE_STANDARD = gnu99;
				GCC_DYNAMIC_NO_PIC = NO;
				GCC_OPTIMIZATION_LEVEL = 0;
				GCC_PREPROCESSOR_DEFINITIONS = (
					"DEBUG=1",
					"$(inherited)",
				);
				GCC_SYMBOLS_PRIVATE_EXTERN = NO;
				GCC_WARN_ABOUT_RETURN_TYPE = YES;
				GCC_WARN_UNINITIALIZED_AUTOS = YES;
				GCC_WARN_UNUSED_VARIABLE = YES;
				IPHONEOS_DEPLOYMENT_TARGET = 6.1;
				ONLY_ACTIVE_ARCH = YES;
				SDKROOT = iphoneos;
			};
			name = Debug;
		};
		97A57A6517FA3D980087DD89 /* Release */ = {
			isa = XCBuildConfiguration;
			buildSettings = {
				ALWAYS_SEARCH_USER_PATHS = NO;
				CLANG_CXX_LANGUAGE_STANDARD = "gnu++0x";
				CLANG_CXX_LIBRARY = "libc++";
				CLANG_ENABLE_OBJC_ARC = YES;
				CLANG_WARN_CONSTANT_CONVERSION = YES;
				CLANG_WARN_EMPTY_BODY = YES;
				CLANG_WARN_ENUM_CONVERSION = YES;
				CLANG_WARN_INT_CONVERSION = YES;
				CLANG_WARN__DUPLICATE_METHOD_MATCH = YES;
				"CODE_SIGN_IDENTITY[sdk=iphoneos*]" = "iPhone Developer";
				COPY_PHASE_STRIP = YES;
				GCC_C_LANGUAGE_STANDARD = gnu99;
				GCC_WARN_ABOUT_RETURN_TYPE = YES;
				GCC_WARN_UNINITIALIZED_AUTOS = YES;
				GCC_WARN_UNUSED_VARIABLE = YES;
				IPHONEOS_DEPLOYMENT_TARGET = 6.1;
				OTHER_CFLAGS = "-DNS_BLOCK_ASSERTIONS=1";
				SDKROOT = iphoneos;
				VALIDATE_PRODUCT = YES;
			};
			name = Release;
		};
		97A57A6717FA3D980087DD89 /* Debug */ = {
			isa = XCBuildConfiguration;
			buildSettings = {
				GCC_PRECOMPILE_PREFIX_HEADER = YES;
				GCC_PREFIX_HEADER = "OrderingMaster/OrderingMaster-Prefix.pch";
				INFOPLIST_FILE = "OrderingMaster/OrderingMaster-Info.plist";
				PRODUCT_NAME = "$(TARGET_NAME)";
				WRAPPER_EXTENSION = app;
			};
			name = Debug;
		};
		97A57A6817FA3D980087DD89 /* Release */ = {
			isa = XCBuildConfiguration;
			buildSettings = {
				GCC_PRECOMPILE_PREFIX_HEADER = YES;
				GCC_PREFIX_HEADER = "OrderingMaster/OrderingMaster-Prefix.pch";
				INFOPLIST_FILE = "OrderingMaster/OrderingMaster-Info.plist";
				PRODUCT_NAME = "$(TARGET_NAME)";
				WRAPPER_EXTENSION = app;
			};
			name = Release;
		};
		97A57A6A17FA3D980087DD89 /* Debug */ = {
			isa = XCBuildConfiguration;
			buildSettings = {
				BUNDLE_LOADER = "$(BUILT_PRODUCTS_DIR)/OrderingMaster.app/OrderingMaster";
				FRAMEWORK_SEARCH_PATHS = (
					"\"$(SDKROOT)/Developer/Library/Frameworks\"",
					"\"$(DEVELOPER_LIBRARY_DIR)/Frameworks\"",
				);
				GCC_PRECOMPILE_PREFIX_HEADER = YES;
				GCC_PREFIX_HEADER = "OrderingMaster/OrderingMaster-Prefix.pch";
				INFOPLIST_FILE = "OrderingMasterTests/OrderingMasterTests-Info.plist";
				PRODUCT_NAME = "$(TARGET_NAME)";
				TEST_HOST = "$(BUNDLE_LOADER)";
				WRAPPER_EXTENSION = octest;
			};
			name = Debug;
		};
		97A57A6B17FA3D980087DD89 /* Release */ = {
			isa = XCBuildConfiguration;
			buildSettings = {
				BUNDLE_LOADER = "$(BUILT_PRODUCTS_DIR)/OrderingMaster.app/OrderingMaster";
				FRAMEWORK_SEARCH_PATHS = (
					"\"$(SDKROOT)/Developer/Library/Frameworks\"",
					"\"$(DEVELOPER_LIBRARY_DIR)/Frameworks\"",
				);
				GCC_PRECOMPILE_PREFIX_HEADER = YES;
				GCC_PREFIX_HEADER = "OrderingMaster/OrderingMaster-Prefix.pch";
				INFOPLIST_FILE = "OrderingMasterTests/OrderingMasterTests-Info.plist";
				PRODUCT_NAME = "$(TARGET_NAME)";
				TEST_HOST = "$(BUNDLE_LOADER)";
				WRAPPER_EXTENSION = octest;
			};
			name = Release;
		};
/* End XCBuildConfiguration section */

/* Begin XCConfigurationList section */
		97A57A2F17FA3D980087DD89 /* Build configuration list for PBXProject "OrderingMaster" */ = {
			isa = XCConfigurationList;
			buildConfigurations = (
				97A57A6417FA3D980087DD89 /* Debug */,
				97A57A6517FA3D980087DD89 /* Release */,
			);
			defaultConfigurationIsVisible = 0;
			defaultConfigurationName = Release;
		};
		97A57A6617FA3D980087DD89 /* Build configuration list for PBXNativeTarget "OrderingMaster" */ = {
			isa = XCConfigurationList;
			buildConfigurations = (
				97A57A6717FA3D980087DD89 /* Debug */,
				97A57A6817FA3D980087DD89 /* Release */,
			);
			defaultConfigurationIsVisible = 0;
			defaultConfigurationName = Release;
		};
		97A57A6917FA3D980087DD89 /* Build configuration list for PBXNativeTarget "OrderingMasterTests" */ = {
			isa = XCConfigurationList;
			buildConfigurations = (
				97A57A6A17FA3D980087DD89 /* Debug */,
				97A57A6B17FA3D980087DD89 /* Release */,
			);
			defaultConfigurationIsVisible = 0;
			defaultConfigurationName = Release;
		};
/* End XCConfigurationList section */
	};
	rootObject = 97A57A2C17FA3D980087DD89 /* Project object */;
}
